
Microsoft Visual Studio Solution File, Format Version 12.00
# Visual Studio 2015
Project("{FAE04EC0-301F-11D3-BF4B-00C04F79EFBC}") = "TwitchShooter.CSharp.Plugins", "TwitchShooter.CSharp.Plugins.csproj", "{E5CB0770-4F27-D219-7AA7-B1F86E087F47}"
EndProject
Project("{FAE04EC0-301F-11D3-BF4B-00C04F79EFBC}") = "TwitchShooter.CSharp", "TwitchShooter.CSharp.csproj", "{F10099CB-331A-F5E1-AF48-B0656568ED51}"
EndProject
Project("{FAE04EC0-301F-11D3-BF4B-00C04F79EFBC}") = "TwitchShooter.CSharp.Editor", "TwitchShooter.CSharp.Editor.csproj", "{B3E5D9DC-43AE-F37F-390B-27D44C3A5A7A}"
EndProject
Global
	GlobalSection(SolutionConfigurationPlatforms) = preSolution
		Debug|Any CPU = Debug|Any CPU
		Release|Any CPU = Release|Any CPU
	EndGlobalSection
	GlobalSection(ProjectConfigurationPlatforms) = postSolution
		{E5CB0770-4F27-D219-7AA7-B1F86E087F47}.Debug|Any CPU.ActiveCfg = Debug|Any CPU
		{E5CB0770-4F27-D219-7AA7-B1F86E087F47}.Debug|Any CPU.Build.0 = Debug|Any CPU
		{E5CB0770-4F27-D219-7AA7-B1F86E087F47}.Release|Any CPU.ActiveCfg = Release|Any CPU
		{E5CB0770-4F27-D219-7AA7-B1F86E087F47}.Release|Any CPU.Build.0 = Release|Any CPU
		{F10099CB-331A-F5E1-AF48-B0656568ED51}.Debug|Any CPU.ActiveCfg = Debug|Any CPU
		{F10099CB-331A-F5E1-AF48-B0656568ED51}.Debug|Any CPU.Build.0 = Debug|Any CPU
		{F10099CB-331A-F5E1-AF48-B0656568ED51}.Release|Any CPU.ActiveCfg = Release|Any CPU
		{F10099CB-331A-F5E1-AF48-B0656568ED51}.Release|Any CPU.Build.0 = Release|Any CPU
		{B3E5D9DC-43AE-F37F-390B-27D44C3A5A7A}.Debug|Any CPU.ActiveCfg = Debug|Any CPU
		{B3E5D9DC-43AE-F37F-390B-27D44C3A5A7A}.Debug|Any CPU.Build.0 = Debug|Any CPU
		{B3E5D9DC-43AE-F37F-390B-27D44C3A5A7A}.Release|Any CPU.ActiveCfg = Release|Any CPU
		{B3E5D9DC-43AE-F37F-390B-27D44C3A5A7A}.Release|Any CPU.Build.0 = Release|Any CPU
	EndGlobalSection
	GlobalSection(SolutionProperties) = preSolution
		HideSolutionNode = FALSE
	EndGlobalSection
EndGlobal
